
Microsoft Visual Studio Solution File, Format Version 12.00
# Visual Studio Version 16
VisualStudioVersion = 16.0.30011.22
MinimumVisualStudioVersion = 10.0.40219.1
Project("{FAE04EC0-301F-11D3-BF4B-00C04F79EFBC}") = "CPRG214.Vani.AssetTracker.Domain", "CPRG214.Vani.AssetTracker.Domain\CPRG214.Vani.AssetTracker.Domain.csproj", "{F45DB971-576A-4955-A8A8-2A285808A9EF}"
EndProject
Project("{FAE04EC0-301F-11D3-BF4B-00C04F79EFBC}") = "CPRG214.Vani.AssetTracker.Data", "CPRG214.Vani.AssetTracker.Data\CPRG214.Vani.AssetTracker.Data.csproj", "{57575049-A920-4A42-9A6E-F31E890BB923}"
EndProject
Project("{FAE04EC0-301F-11D3-BF4B-00C04F79EFBC}") = "CPRG214.Vani.AssetTracker.BLL", "CPRG214.Vani.AssetTracker.BLL\CPRG214.Vani.AssetTracker.BLL.csproj", "{44AEA104-8EB8-4695-B589-C4D87CB7E209}"
EndProject
Project("{FAE04EC0-301F-11D3-BF4B-00C04F79EFBC}") = "CPRG214.Vani.AssetTracker.Presentation", "CPRG214.Vani.AssetTracker.Presentation\CPRG214.Vani.AssetTracker.Presentation.csproj", "{E8A03EC4-2127-4374-AAA9-84947C6DB3FB}"
EndProject
Project("{2150E333-8FDC-42A3-9474-1A3956D46DE8}") = "Solution Items", "Solution Items", "{94B9E4A0-98A4-4DD3-B03A-FAC312FF9E27}"
	ProjectSection(SolutionItems) = preProject
		.editorconfig = .editorconfig
	EndProjectSection
EndProject
Global
	GlobalSection(SolutionConfigurationPlatforms) = preSolution
		Debug|Any CPU = Debug|Any CPU
		Release|Any CPU = Release|Any CPU
	EndGlobalSection
	GlobalSection(ProjectConfigurationPlatforms) = postSolution
		{F45DB971-576A-4955-A8A8-2A285808A9EF}.Debug|Any CPU.ActiveCfg = Debug|Any CPU
		{F45DB971-576A-4955-A8A8-2A285808A9EF}.Debug|Any CPU.Build.0 = Debug|Any CPU
		{F45DB971-576A-4955-A8A8-2A285808A9EF}.Release|Any CPU.ActiveCfg = Release|Any CPU
		{F45DB971-576A-4955-A8A8-2A285808A9EF}.Release|Any CPU.Build.0 = Release|Any CPU
		{57575049-A920-4A42-9A6E-F31E890BB923}.Debug|Any CPU.ActiveCfg = Debug|Any CPU
		{57575049-A920-4A42-9A6E-F31E890BB923}.Debug|Any CPU.Build.0 = Debug|Any CPU
		{57575049-A920-4A42-9A6E-F31E890BB923}.Release|Any CPU.ActiveCfg = Release|Any CPU
		{57575049-A920-4A42-9A6E-F31E890BB923}.Release|Any CPU.Build.0 = Release|Any CPU
		{44AEA104-8EB8-4695-B589-C4D87CB7E209}.Debug|Any CPU.ActiveCfg = Debug|Any CPU
		{44AEA104-8EB8-4695-B589-C4D87CB7E209}.Debug|Any CPU.Build.0 = Debug|Any CPU
		{44AEA104-8EB8-4695-B589-C4D87CB7E209}.Release|Any CPU.ActiveCfg = Release|Any CPU
		{44AEA104-8EB8-4695-B589-C4D87CB7E209}.Release|Any CPU.Build.0 = Release|Any CPU
		{E8A03EC4-2127-4374-AAA9-84947C6DB3FB}.Debug|Any CPU.ActiveCfg = Debug|Any CPU
		{E8A03EC4-2127-4374-AAA9-84947C6DB3FB}.Debug|Any CPU.Build.0 = Debug|Any CPU
		{E8A03EC4-2127-4374-AAA9-84947C6DB3FB}.Release|Any CPU.ActiveCfg = Release|Any CPU
		{E8A03EC4-2127-4374-AAA9-84947C6DB3FB}.Release|Any CPU.Build.0 = Release|Any CPU
	EndGlobalSection
	GlobalSection(SolutionProperties) = preSolution
		HideSolutionNode = FALSE
	EndGlobalSection
	GlobalSection(ExtensibilityGlobals) = postSolution
		SolutionGuid = {A5571D14-DAA9-4C3A-9054-F7273CF345E0}
	EndGlobalSection
EndGlobal
